{
    "_meta": {
        "hash": {
            "sha256": "f08df37281c38a5b29156d6db9ada2830c783f8a32de018a65118abc0092b6f8"
        },
        "pipfile-spec": 6,
        "requires": {
            "python_version": "3.7"
        },
        "sources": [
            {
                "name": "pypi",
                "url": "https://pypi.org/simple",
                "verify_ssl": true
            }
        ]
    },
    "default": {
        "asgiref": {
            "hashes": [
                "sha256:a4ce726e6ef49cca13642ff49588530ebabcc47c669c7a95af37ea5a74b9b823",
                "sha256:f62b1c88ebf5fe95db202a372982970edcf375c1513d7e70717df0750f5c2b98"
            ],
            "version": "==3.2.2"
        },
        "backcall": {
            "hashes": [
                "sha256:38ecd85be2c1e78f77fd91700c76e14667dc21e2713b63876c0eb901196e01e4",
                "sha256:bbbf4b1e5cd2bdb08f915895b51081c041bac22394fdfcfdfbe9f14b77c08bf2"
            ],
            "version": "==0.1.0"
        },
        "boto3": {
            "hashes": [
                "sha256:2fc1c407a5ab08cfcf54eb4171d85c523bd27019ab890de257d018af2770f71d",
                "sha256:c215cf2c8e5e7b28ae7544b1cbdbc3216bef983d7adb8b701a64f9b893e0320b"
            ],
            "version": "==1.9.238"
        },
        "botocore": {
            "hashes": [
                "sha256:1ca993f0dc70591e0fca6cf3837ee9be52fd4fbbf1aa96ba1d4a860b41f676b7",
                "sha256:6ec3297b87d3e2c4d88b009f91061aaecdb2ceef6d9be9386394571353909adb"
            ],
            "version": "==1.12.238"
        },
        "cachetools": {
            "hashes": [
                "sha256:428266a1c0d36dc5aca63a2d7c5942e88c2c898d72139fca0e97fdd2380517ae",
                "sha256:8ea2d3ce97850f31e4a08b0e2b5e6c34997d7216a9d2c98e0f3978630d4da69a"
            ],
            "version": "==3.1.1"
        },
        "certifi": {
            "hashes": [
                "sha256:e4f3620cfea4f83eedc95b24abd9cd56f3c4b146dd0177e83a21b4eb49e21e50",
                "sha256:fd7c7c74727ddcf00e9acd26bba8da604ffec95bf1c2144e67aff7a8b50e6cef"
            ],
            "version": "==2019.9.11"
        },
        "chardet": {
            "hashes": [
                "sha256:84ab92ed1c4d4f16916e05906b6b75a6c0fb5db821cc65e70cbd64a3e2a5eaae",
                "sha256:fc323ffcaeaed0e0a02bf4d117757b98aed530d9ed4531e3e15460124c106691"
            ],
            "version": "==3.0.4"
        },
        "click": {
            "hashes": [
                "sha256:2335065e6395b9e67ca716de5f7526736bfa6ceead690adf616d925bdc622b13",
                "sha256:5b94b49521f6456670fdb30cd82a4eca9412788a93fa6dd6df72c94d5a8ff2d7"
            ],
            "version": "==7.0"
        },
        "decorator": {
            "hashes": [
                "sha256:86156361c50488b84a3f148056ea716ca587df2f0de1d34750d35c21312725de",
                "sha256:f069f3a01830ca754ba5258fde2278454a0b5b79e0d7f5c13b3b97e57d4acff6"
            ],
            "version": "==4.4.0"
        },
        "delegator-py": {
            "hashes": [
                "sha256:814657d96b98a244c479e3d5f6e9e850ac333e85f807d6bc846e72bbb2537806"
            ],
            "index": "pypi",
            "version": "==0.1.1"
        },
        "django": {
            "hashes": [
                "sha256:ccf5d58cfe53601afcf38d53cb5a3ed6a915afcfdb728593ce8594f96ca21cd8",
                "sha256:ccfaf8c7e72cecbf97de52633b30995659a6ad14a0e4a8c4ebc78b353e8ed78d"
            ],
            "version": "==3.0a1"
        },
        "djangorestframework": {
            "hashes": [
                "sha256:5488aed8f8df5ec1d70f04b2114abc52ae6729748a176c453313834a9ee179c8",
                "sha256:dc81cbf9775c6898a580f6f1f387c4777d12bd87abf0f5406018d32ccae71090"
            ],
            "version": "==3.10.3"
        },
        "docutils": {
            "hashes": [
                "sha256:6c4f696463b79f1fb8ba0c594b63840ebd41f059e92b31957c46b74a4599b6d0",
                "sha256:9e4d7ecfc600058e07ba661411a2b7de2fd0fafa17d1a7f7361cd47b1175c827",
                "sha256:a2aeea129088da402665e92e0b25b04b073c04b2dce4ab65caaa38b7ce2e1a99"
            ],
            "version": "==0.15.2"
        },
        "flask": {
            "hashes": [
                "sha256:13f9f196f330c7c2c5d7a5cf91af894110ca0215ac051b5844701f2bfd934d52",
                "sha256:45eb5a6fd193d6cf7e0cf5d8a5b31f83d5faae0293695626f539a823e93b13f6"
            ],
            "version": "==1.1.1"
        },
        "gitdb2": {
            "hashes": [
                "sha256:1b6df1433567a51a4a9c1a5a0de977aa351a405cc56d7d35f3388bad1f630350",
                "sha256:96bbb507d765a7f51eb802554a9cfe194a174582f772e0d89f4e87288c288b7b"
            ],
            "version": "==2.0.6"
        },
        "gitpython": {
            "hashes": [
                "sha256:947cc75913e7b6da108458136607e2ee0e40c20be1e12d4284e7c6c12956c276",
                "sha256:d2f4945f8260f6981d724f5957bc076398ada55cb5d25aaee10108bcdc894100"
            ],
            "version": "==3.0.2"
        },
        "google-auth": {
            "hashes": [
                "sha256:0f7c6a64927d34c1a474da92cfc59e552a5d3b940d3266606c6a28b72888b9e4",
                "sha256:20705f6803fd2c4d1cc2dcb0df09d4dfcb9a7d51fd59e94a3a28231fd93119ed"
            ],
            "version": "==1.6.3"
        },
        "grpcio": {
            "hashes": [
                "sha256:0337debec20fe385bcd49048d6917270efbc17a5119857466559b4db91f8995b",
                "sha256:164f82a99e08797ea786283b66b45ebe76772d321577d1674ba6fe0200155892",
                "sha256:172dfba8d9621048c2cbc1d1cf7a02244e9a9a8cff5bb79bb30bcb0c13c7fd31",
                "sha256:18f4b536d8a9cfa15b3214e0bb628071def94160699e91798f0a954c3b2db88d",
                "sha256:2283b56bda49b068b0f08d006fffc7dd46eae72322f1a5dec87fc9c218f1dc2d",
                "sha256:26b33f488a955bf49262d2ce3423d3a8174108506d8f819e8150aca21bdd3b99",
                "sha256:31cc9b6f70bdd0d9ff53df2d563ea1fb278601d5c625932d8a82d03b08ff3de0",
                "sha256:37dd8684fbc2bc00766ae6784bcbd7f874bc96527636a341411db811d04ff650",
                "sha256:424c01189ef51a808669f020368b01204e0f1fa0bf2adab7c8d0d13166f92e9e",
                "sha256:431c099f20a1f1d97def98f87bb74fa752e8819c2bab23d79089353aed1acc9b",
                "sha256:4c2f1d0b27bcef301e5d5c1da05ffd7d174f807f61889c006b8e708b16bc978e",
                "sha256:59b8d738867b59c5daaff5df242b5f3f9c58b47862f603c6ee530964b897b69b",
                "sha256:8d4f1ee2a67cf8f792d4fc9b8c7bb2148174e838d935f175653aec234752828b",
                "sha256:97ab9e35b47bda0441332204960f95c1169c55ec8e989381bedd32bdb9f78b05",
                "sha256:9cf93e185507bfdaa7ed45a90049bd3f1ed3f6357ad3772b31e993ff723cf67d",
                "sha256:a5a81472c0ca6181492b9291c316ff60c6c94dd3f21c1e8c481f21923d899af0",
                "sha256:aaa1feb0fdd094af6db0a16cbd446ed94285a50e320aede5971152d9ea022df8",
                "sha256:b36bf4408f8400ee9ab13ff129e71f2e4c72ce2d8886b744aeab77ce50a55cf6",
                "sha256:bb345f7e98b38a2c1ef33ff1145687234f78dfeedf308b41b3e41f4b42eba099",
                "sha256:c13ae15695e0eb4ba2db920d6a197171d2398c675afa4f27460b6381d20a6884",
                "sha256:c4a233a00cc5b64543e97733902151bc6738396931b3c166aad03a3aaadbd479",
                "sha256:c521c5f8a95baabba69c68dd0f5e34f37c8adf1a9691f9884dba3eab4ebadc29",
                "sha256:c772edd094fe3e54d6d54fdecb90c51cb8d07b55e9c1cda2d33e9615e33d07e8",
                "sha256:cebfba6542855403b29e4bc95bbcd5ab444f21137b440f2fb7c7925ca0e55bfd",
                "sha256:d7490e013c4bad3e8db804fc6483b47125dc8df0ebcfd6e419bd25df35025301",
                "sha256:dfb6063619f297cbd22c67530d7465d98348b35d0424bbc1756b36c5ef9f99d4",
                "sha256:e80a15b48a66f35c7c33db2a7df4034a533b362269d0e60e0036e23f14bac7b5",
                "sha256:ea444fa1c1ec4f8d2ce965bb01e06148ef9ceb398fb2f627511d50f137eac35b",
                "sha256:ec986cbf8837a49f9612cc1cfc2a8ccb54875cfce5355a121279de35124ea1db",
                "sha256:fb641df6de8c4a55c784c24d334d53096954d9b30679d3ce5eb6a4d25c1020a3",
                "sha256:fb88bd791c8efbcb36de12f0aa519ceec0b7806d3decff16e412e097d4725d44",
                "sha256:ffa1be3d566a9cbd21a5f2d95fd9262ec6c337c499291bfeb51547b8de18942e"
            ],
            "version": "==1.24.0"
        },
        "grpcio-tools": {
            "hashes": [
                "sha256:077a9a088d6e67ef35d23bb3fea0f3aae26346a589df3fab45f5a77c5c4546ab",
                "sha256:0addae4886b64a2c680679624b7d5f6daaca86cd90adc95ec9b60f1811a533c6",
                "sha256:1a197412de29f2aa68a212abf303b4e512d2048edb1e6b858e48eb4e53134f52",
                "sha256:32c112d0a6d435a89468fb94e0dee40e66e798097e8a33bfff0addf81434ead1",
                "sha256:355c7512e4cfb15e9537b78d663fca21e6678bceb36500e99eec04323880ef8b",
                "sha256:3568a2122feb05b64e3fc6e02202ad929d8edd673d28912f62f8836a6cb3a4a3",
                "sha256:3b0b4b804bdbd48b1240c832e45f9ddc634f600ab02eb2d561eccac5467f4fa0",
                "sha256:4bcedb97ac2ccf67d7686ab177677b0c1be2abd750b12546fc698c030baad3ce",
                "sha256:506f9f39636bed168bf6ead93c5fa5ca5573f425840149c02a910008c929cd77",
                "sha256:523623e12d00b939590f7a5e948fb50946d348562f97b3ebde7886e159adce8f",
                "sha256:7245ef62573ce5cd71a7ffc84f6e0cca673951e77495fcf06eb1cd00e93f251e",
                "sha256:812b0437dae2cb07e7bf30c0c0c50c152a6e93caff5618aac2384199a0e2eb4e",
                "sha256:858872fc7bf598204ad8ed5abab6ca568b8173443c74cc556bec03d01167a7f0",
                "sha256:9269f99de915c82f384d599f84eb0a2de693a695059d95edc2ac5cf24e6f2a2e",
                "sha256:9b2810b89455b63c2475ab83f492281eddabd50556a8695d219238c89578999b",
                "sha256:9b56125f10ff5a1dd53c6614444193fab56a779f4a2057f462c18f9fcfd9df65",
                "sha256:a0fee8446eca3e4dbe250fe357671f516d7b9ad8c18c117fac0f1e8003a49f99",
                "sha256:aeb020d8054eb5047def7d86aa99bc5bbb5a6d504fde4e5a5b392cec3418d385",
                "sha256:b39f203c763e75686a77efaf9338c64d43743166b4a6ddf9c436c97e29254089",
                "sha256:b8e8ea06f6658b7924943a72be204ad046358f6cb8e459e5f62a77222f4732cf",
                "sha256:bf1267089167c699bda85da49d16f6ff0719aaf6e135c6a2b969fd445e55dbd2",
                "sha256:bf22515ea227efe0a613fba19ed2ca6a92ae60046bff28f3d4e98f428fb321a8",
                "sha256:c0c1670f82d15013832af7bf3bfc6658f103ec8aff88941bfcd0203702412e50",
                "sha256:cc2d24744f6494314b941af386da31c8fc7a26ed1337aa30a5852175f9521bd3",
                "sha256:d259156c2afae61a4d4a52d9782084015df19fb6cbaa276110041c3431f89778",
                "sha256:d2bdab26d14ec9a11ae9052c9a5f73093cf1466acc6e8ed347a37d60b4b3ffd0",
                "sha256:d8e88ddc29467862b25425d6d0616eda059759839180498ee0983660f24f0af1",
                "sha256:dd122f34ace48dd8d7976df0188211dd18f9d9d0c704695154f631a57d1d1576",
                "sha256:ea28d9e9c905c552aa39e4a1be26fe1e19f75b5bec717fd617bb006866f9ce39",
                "sha256:f2e199c283e327351744657172fc2e696f0cebd5fcb3a2682ff9dba8088c3e9f",
                "sha256:f8a791d27432c36ea9d13da33a2ebd5c6627c4afebb1bda7e4da1f868303801e",
                "sha256:fd0e2224d4e4067cc975a3d3d1b8dca175aa40f859d81795ce18a97d2a0db7b3"
            ],
            "version": "==1.24.0"
        },
        "idna": {
            "hashes": [
                "sha256:c357b3f628cf53ae2c4c05627ecc484553142ca23264e593d327bcde5e9c3407",
                "sha256:ea8b7f6188e6fa117537c3df7da9fc686d485087abf6ac197f9c46432f7e4a3c"
            ],
            "version": "==2.8"
        },
        "ipython": {
            "hashes": [
                "sha256:c4ab005921641e40a68e405e286e7a1fcc464497e14d81b6914b4fd95e5dee9b",
                "sha256:dd76831f065f17bddd7eaa5c781f5ea32de5ef217592cf019e34043b56895aa1"
            ],
            "index": "pypi",
            "version": "==7.8.0"
        },
        "ipython-genutils": {
            "hashes": [
                "sha256:72dd37233799e619666c9f639a9da83c34013a73e8bbc79a7a6348d93c61fab8",
                "sha256:eb2e116e75ecef9d4d228fdc66af54269afa26ab4463042e33785b887c628ba8"
            ],
            "version": "==0.2.0"
        },
        "itsdangerous": {
            "hashes": [
                "sha256:321b033d07f2a4136d3ec762eac9f16a10ccd60f53c0c91af90217ace7ba1f19",
                "sha256:b12271b2047cb23eeb98c8b5622e2e5c5e9abd9784a153e9d8ef9cb4dd09d749"
            ],
            "version": "==1.1.0"
        },
        "jedi": {
            "hashes": [
                "sha256:786b6c3d80e2f06fd77162a07fed81b8baa22dde5d62896a790a331d6ac21a27",
                "sha256:ba859c74fa3c966a22f2aeebe1b74ee27e2a462f56d3f5f7ca4a59af61bfe42e"
            ],
            "version": "==0.15.1"
        },
        "jinja2": {
            "hashes": [
                "sha256:065c4f02ebe7f7cf559e49ee5a95fb800a9e4528727aec6f24402a5374c65013",
                "sha256:14dd6caf1527abb21f08f86c784eac40853ba93edb79552aa1e4b8aef1b61c7b"
            ],
            "version": "==2.10.1"
        },
        "jmespath": {
            "hashes": [
                "sha256:3720a4b1bd659dd2eecad0666459b9788813e032b83e7ba58578e48254e0a0e6",
                "sha256:bde2aef6f44302dfb30320115b17d030798de8c4110e28d5cf6cf91a7a31074c"
            ],
            "version": "==0.9.4"
        },
        "kubernetes": {
            "hashes": [
                "sha256:3770a496663396ad1def665eeadb947b3f45217a08b64b10c01a57e981ac8592",
                "sha256:a6dee02a1b39ea4bb9c4c2cc415ea0ada33d8ea0a920f7d4fb6d166989dcac01"
            ],
            "index": "pypi",
            "version": "==10.0.1"
        },
        "loguru": {
            "hashes": [
                "sha256:b6fad0d7aed357b5c147edcc6982606b933754338950b72d8123f48c150c5a4f",
                "sha256:e3138bfdee5f57481a2a6e078714be20f8c71ab1ff3f07f8fb1cfa25191fed2a"
            ],
            "index": "pypi",
            "version": "==0.3.2"
        },
        "markupsafe": {
            "hashes": [
                "sha256:00bc623926325b26bb9605ae9eae8a215691f33cae5df11ca5424f06f2d1f473",
                "sha256:09027a7803a62ca78792ad89403b1b7a73a01c8cb65909cd876f7fcebd79b161",
                "sha256:09c4b7f37d6c648cb13f9230d847adf22f8171b1ccc4d5682398e77f40309235",
                "sha256:1027c282dad077d0bae18be6794e6b6b8c91d58ed8a8d89a89d59693b9131db5",
                "sha256:24982cc2533820871eba85ba648cd53d8623687ff11cbb805be4ff7b4c971aff",
                "sha256:29872e92839765e546828bb7754a68c418d927cd064fd4708fab9fe9c8bb116b",
                "sha256:43a55c2930bbc139570ac2452adf3d70cdbb3cfe5912c71cdce1c2c6bbd9c5d1",
                "sha256:46c99d2de99945ec5cb54f23c8cd5689f6d7177305ebff350a58ce5f8de1669e",
                "sha256:500d4957e52ddc3351cabf489e79c91c17f6e0899158447047588650b5e69183",
                "sha256:535f6fc4d397c1563d08b88e485c3496cf5784e927af890fb3c3aac7f933ec66",
                "sha256:62fe6c95e3ec8a7fad637b7f3d372c15ec1caa01ab47926cfdf7a75b40e0eac1",
                "sha256:6dd73240d2af64df90aa7c4e7481e23825ea70af4b4922f8ede5b9e35f78a3b1",
                "sha256:717ba8fe3ae9cc0006d7c451f0bb265ee07739daf76355d06366154ee68d221e",
                "sha256:79855e1c5b8da654cf486b830bd42c06e8780cea587384cf6545b7d9ac013a0b",
                "sha256:7c1699dfe0cf8ff607dbdcc1e9b9af1755371f92a68f706051cc8c37d447c905",
                "sha256:88e5fcfb52ee7b911e8bb6d6aa2fd21fbecc674eadd44118a9cc3863f938e735",
                "sha256:8defac2f2ccd6805ebf65f5eeb132adcf2ab57aa11fdf4c0dd5169a004710e7d",
                "sha256:98c7086708b163d425c67c7a91bad6e466bb99d797aa64f965e9d25c12111a5e",
                "sha256:9add70b36c5666a2ed02b43b335fe19002ee5235efd4b8a89bfcf9005bebac0d",
                "sha256:9bf40443012702a1d2070043cb6291650a0841ece432556f784f004937f0f32c",
                "sha256:ade5e387d2ad0d7ebf59146cc00c8044acbd863725f887353a10df825fc8ae21",
                "sha256:b00c1de48212e4cc9603895652c5c410df699856a2853135b3967591e4beebc2",
                "sha256:b1282f8c00509d99fef04d8ba936b156d419be841854fe901d8ae224c59f0be5",
                "sha256:b2051432115498d3562c084a49bba65d97cf251f5a331c64a12ee7e04dacc51b",
                "sha256:ba59edeaa2fc6114428f1637ffff42da1e311e29382d81b339c1817d37ec93c6",
                "sha256:c8716a48d94b06bb3b2524c2b77e055fb313aeb4ea620c8dd03a105574ba704f",
                "sha256:cd5df75523866410809ca100dc9681e301e3c27567cf498077e8551b6d20e42f",
                "sha256:e249096428b3ae81b08327a63a485ad0878de3fb939049038579ac0ef61e17e7"
            ],
            "version": "==1.1.1"
        },
        "oauthlib": {
            "hashes": [
                "sha256:bee41cc35fcca6e988463cacc3bcb8a96224f470ca547e697b604cc697b2f889",
                "sha256:df884cd6cbe20e32633f1db1072e9356f53638e4361bef4e8b03c9127c9328ea"
            ],
            "version": "==3.1.0"
        },
        "parso": {
            "hashes": [
                "sha256:63854233e1fadb5da97f2744b6b24346d2750b85965e7e399bec1620232797dc",
                "sha256:666b0ee4a7a1220f65d367617f2cd3ffddff3e205f3f16a0284df30e774c2a9c"
            ],
            "version": "==0.5.1"
        },
        "pexpect": {
            "hashes": [
                "sha256:2094eefdfcf37a1fdbfb9aa090862c1a4878e5c7e0e7e7088bdb511c558e5cd1",
                "sha256:9e2c1fd0e6ee3a49b28f95d4b33bc389c89b20af6a1255906e90ff1262ce62eb"
            ],
            "index": "pypi",
            "version": "==4.7.0"
        },
        "pickleshare": {
            "hashes": [
                "sha256:87683d47965c1da65cdacaf31c8441d12b8044cdec9aca500cd78fc2c683afca",
                "sha256:9649af414d74d4df115d5d718f82acb59c9d418196b7b4290ed47a12ce62df56"
            ],
            "version": "==0.7.5"
        },
        "prompt-toolkit": {
            "hashes": [
                "sha256:11adf3389a996a6d45cc277580d0d53e8a5afd281d0c9ec71b28e6f121463780",
                "sha256:2519ad1d8038fd5fc8e770362237ad0364d16a7650fb5724af6997ed5515e3c1",
                "sha256:977c6583ae813a37dc1c2e1b715892461fcbdaa57f6fc62f33a528c4886c8f55"
            ],
            "version": "==2.0.9"
        },
        "protobuf": {
            "hashes": [
                "sha256:26c0d756c7ad6823fccbc3b5f84c619b9cc7ac281496fe0a9d78e32023c45034",
                "sha256:3200046e4d4f6c42ed66257dbe15e2e5dc76072c280e9b3d69dc8f3a4fa3fbbc",
                "sha256:368f1bae6dd22d04fd2254d30cd301863408a96ff604422e3ddd8ab601f095a4",
                "sha256:3902fa1920b4ef9f710797496b309efc5ccd0faeba44dc82ed6a711a244764a0",
                "sha256:3a7a8925ba6481b9241cdb5d69cd0b0700f23efed6bb691dc9543faa4aa25d6f",
                "sha256:4bc33d49f43c6e9916fb56b7377cb4478cbf25824b4d2bedfb8a4e3df31c12ca",
                "sha256:568b434a36e31ed30d60d600b2227666ce150b8b5275948f50411481a4575d6d",
                "sha256:5c393cd665d03ce6b29561edd6b0cc4bcb3fb8e2a7843e8f223d693f07f61b40",
                "sha256:80072e9ba36c73cf89c01f669c7b123733fc2de1780b428082a850f53cc7865f",
                "sha256:843f498e98ad1469ad54ecb4a7ccf48605a1c5d2bd26ae799c7a2cddab4a37ec",
                "sha256:aa45443035651cbfae74c8deb53358ba660d8e7a5fbab3fc4beb33fb3e3ca4be",
                "sha256:aaab817d9d038dd5f56a6fb2b2e8ae68caf1fd28cc6a963c755fa73268495c13",
                "sha256:e6f68b9979dc8f75299293d682f67fecb72d78f98652da2eeb85c85edef1ca94",
                "sha256:e7366cabddff3441d583fdc0176ab42eba4ee7090ef857d50c4dd59ad124003a",
                "sha256:f0144ad97cd28bfdda0567b9278d25061ada5ad2b545b538cd3577697b32bda3",
                "sha256:f655338491481f482042f19016647e50365ab41b75b486e0df56e0dcc425abf4"
            ],
            "version": "==3.9.2"
        },
        "ptyprocess": {
            "hashes": [
                "sha256:923f299cc5ad920c68f2bc0bc98b75b9f838b93b599941a6b63ddbc2476394c0",
                "sha256:d7cc528d76e76342423ca640335bd3633420dc1366f258cb31d05e865ef5ca1f"
            ],
            "version": "==0.6.0"
        },
        "pyasn1": {
            "hashes": [
                "sha256:62cdade8b5530f0b185e09855dd422bc05c0bbff6b72ff61381c09dac7befd8c",
                "sha256:a9495356ca1d66ed197a0f72b41eb1823cf7ea8b5bd07191673e8147aecf8604"
            ],
            "version": "==0.4.7"
        },
        "pyasn1-modules": {
            "hashes": [
                "sha256:43c17a83c155229839cc5c6b868e8d0c6041dba149789b6d6e28801c64821722",
                "sha256:e30199a9d221f1b26c885ff3d87fd08694dbbe18ed0e8e405a2a7126d30ce4c0"
            ],
            "version": "==0.2.6"
        },
        "pygments": {
            "hashes": [
                "sha256:71e430bc85c88a430f000ac1d9b331d2407f681d6f6aec95e8bcfbc3df5b0127",
                "sha256:881c4c157e45f30af185c1ffe8d549d48ac9127433f2c380c24b84572ad66297"
            ],
            "version": "==2.4.2"
        },
        "pyhelm": {
            "hashes": [
                "sha256:a052ef7c6c7e579454055680c09def60aa9ff875bcd85010cdb0037a0537a7f1"
            ],
            "index": "pypi",
            "version": "==2.14.4"
        },
        "python-dateutil": {
            "hashes": [
                "sha256:7e6584c74aeed623791615e26efd690f29817a27c73085b78e4bad02493df2fb",
                "sha256:c89805f6f4d64db21ed966fda138f8a5ed7a4fdbc1a8ee329ce1b74e3c74da9e"
            ],
            "markers": "python_version >= '2.7'",
            "version": "==2.8.0"
        },
        "pytz": {
            "hashes": [
                "sha256:26c0b32e437e54a18161324a2fca3c4b9846b74a8dccddd843113109e1116b32",
                "sha256:c894d57500a4cd2d5c71114aaab77dbab5eabd9022308ce5ac9bb93a60a6f0c7"
            ],
            "version": "==2019.2"
        },
        "pyyaml": {
            "hashes": [
                "sha256:0113bc0ec2ad727182326b61326afa3d1d8280ae1122493553fd6f4397f33df9",
                "sha256:01adf0b6c6f61bd11af6e10ca52b7d4057dd0be0343eb9283c878cf3af56aee4",
                "sha256:5124373960b0b3f4aa7df1707e63e9f109b5263eca5976c66e08b1c552d4eaf8",
                "sha256:5ca4f10adbddae56d824b2c09668e91219bb178a1eee1faa56af6f99f11bf696",
                "sha256:7907be34ffa3c5a32b60b95f4d95ea25361c951383a894fec31be7252b2b6f34",
                "sha256:7ec9b2a4ed5cad025c2278a1e6a19c011c80a3caaac804fd2d329e9cc2c287c9",
                "sha256:87ae4c829bb25b9fe99cf71fbb2140c448f534e24c998cc60f39ae4f94396a73",
                "sha256:9de9919becc9cc2ff03637872a440195ac4241c80536632fffeb6a1e25a74299",
                "sha256:a5a85b10e450c66b49f98846937e8cfca1db3127a9d5d1e31ca45c3d0bef4c5b",
                "sha256:b0997827b4f6a7c286c01c5f60384d218dca4ed7d9efa945c3e1aa623d5709ae",
                "sha256:b631ef96d3222e62861443cc89d6563ba3eeb816eeb96b2629345ab795e53681",
                "sha256:bf47c0607522fdbca6c9e817a6e81b08491de50f3766a7a0e6a5be7905961b41",
                "sha256:f81025eddd0327c7d4cfe9b62cf33190e1e736cc6e97502b3ec425f574b3e7a8"
            ],
            "version": "==5.1.2"
        },
        "requests": {
            "hashes": [
                "sha256:11e007a8a2aa0323f5a921e9e6a2d7e4e67d9877e85773fba9ba6419025cbeb4",
                "sha256:9cf5292fcd0f598c671cfc1e0d7d1a7f13bb8085e9a590f48c010551dc6c4b31"
            ],
            "version": "==2.22.0"
        },
        "requests-oauthlib": {
            "hashes": [
                "sha256:bd6533330e8748e94bf0b214775fed487d309b8b8fe823dc45641ebcd9a32f57",
                "sha256:d3ed0c8f2e3bbc6b344fa63d6f933745ab394469da38db16bdddb461c7e25140"
            ],
            "version": "==1.2.0"
        },
        "rsa": {
            "hashes": [
                "sha256:14ba45700ff1ec9eeb206a2ce76b32814958a98e372006c8fb76ba820211be66",
                "sha256:1a836406405730121ae9823e19c6e806c62bbad73f890574fff50efa4122c487"
            ],
            "version": "==4.0"
        },
        "s3transfer": {
            "hashes": [
                "sha256:6efc926738a3cd576c2a79725fed9afde92378aa5c6a957e3af010cb019fac9d",
                "sha256:b780f2411b824cb541dbcd2c713d0cb61c7d1bcadae204cdddda2b35cef493ba"
            ],
            "version": "==0.2.1"
        },
        "sarge": {
            "hashes": [
                "sha256:da8cc90883f8e5ab4af0d746438f608662f5f2a35da2e858517927edefa134b0"
            ],
            "index": "pypi",
            "version": "==0.1.5.post0"
        },
        "shangren": {
            "editable": true,
            "path": "./comm/lib"
        },
        "six": {
            "hashes": [
                "sha256:3350809f0555b11f552448330d0b52d5f24c91a322ea4a15ef22629740f3761c",
                "sha256:d16a0141ec1a18405cd4ce8b4613101da75da0e9a7aec5bdd4fa804d0e0eba73"
            ],
            "version": "==1.12.0"
        },
        "smmap2": {
            "hashes": [
                "sha256:0555a7bf4df71d1ef4218e4807bbf9b201f910174e6e08af2e138d4e517b4dde",
                "sha256:29a9ffa0497e7f2be94ca0ed1ca1aa3cd4cf25a1f6b4f5f87f74b46ed91d609a"
            ],
            "version": "==2.0.5"
        },
        "sqlparse": {
            "hashes": [
                "sha256:40afe6b8d4b1117e7dff5504d7a8ce07d9a1b15aeeade8a2d10f130a834f8177",
                "sha256:7c3dca29c022744e95b547e867cee89f4fce4373f3549ccd8797d8eb52cdb873"
            ],
            "version": "==0.3.0"
        },
        "stickybeak": {
            "hashes": [
                "sha256:9a4040d773a7f5f8682139e86ab146d5d440293f3413bb90495221bf1a9b5738",
                "sha256:f43f06e3010c0c4dba89daabff764f32656a9a3fc7a381cadddec832fcb52bf5"
            ],
            "index": "pypi",
            "version": "==0.3.5"
        },
        "supermutes": {
            "hashes": [
                "sha256:c4a3f9699c48df241d08eab218796e3056af78fafcf41bc2b0ddfe23d64831e4"
            ],
            "version": "==0.2.5"
        },
        "traitlets": {
            "hashes": [
                "sha256:9c4bd2d267b7153df9152698efb1050a5d84982d3384a37b2c1f7723ba3e7835",
                "sha256:c6cb5e6f57c5a9bdaa40fa71ce7b4af30298fbab9ece9815b5d995ab6217c7d9"
            ],
            "version": "==4.3.2"
        },
        "urllib3": {
            "hashes": [
                "sha256:3de946ffbed6e6746608990594d08faac602528ac7015ac28d33cee6a45b7398",
                "sha256:9a107b99a5393caf59c7aa3c1249c16e6879447533d0887f4336dde834c7be86"
            ],
            "markers": "python_version >= '3.4'",
            "version": "==1.25.6"
        },
        "wcwidth": {
            "hashes": [
                "sha256:3df37372226d6e63e1b1e1eda15c594bca98a22d33a23832a90998faa96bc65e",
                "sha256:f4ebe71925af7b40a864553f761ed559b43544f8f71746c2d756c7fe788ade7c"
            ],
            "version": "==0.1.7"
        },
        "websocket-client": {
            "hashes": [
                "sha256:1151d5fb3a62dc129164292e1227655e4bbc5dd5340a5165dfae61128ec50aa9",
                "sha256:1fd5520878b68b84b5748bb30e592b10d0a91529d5383f74f4964e72b297fd3a"
            ],
            "version": "==0.56.0"
        },
        "werkzeug": {
            "hashes": [
                "sha256:7280924747b5733b246fe23972186c6b348f9ae29724135a6dfc1e53cea433e7",
                "sha256:e5f4a1f98b52b18a93da705a7458e55afb26f32bff83ff5d19189f92462d65c4"
            ],
            "version": "==0.16.0"
        }
    },
    "develop": {}
}
