[[package]]
category = "main"
description = "ASGI specs, helper code, and adapters"
name = "asgiref"
optional = false
python-versions = ">=3.5"
version = "3.2.7"

[package.extras]
tests = ["pytest (>=4.3.0,<4.4.0)", "pytest-asyncio (>=0.10.0,<0.11.0)"]

[[package]]
category = "dev"
description = "Atomic file writes."
marker = "sys_platform == \"win32\""
name = "atomicwrites"
optional = false
python-versions = ">=2.7, !=3.0.*, !=3.1.*, !=3.2.*, !=3.3.*"
version = "1.3.0"

[[package]]
category = "dev"
description = "Classes Without Boilerplate"
name = "attrs"
optional = false
python-versions = ">=2.7, !=3.0.*, !=3.1.*, !=3.2.*, !=3.3.*"
version = "19.3.0"

[package.extras]
azure-pipelines = ["coverage", "hypothesis", "pympler", "pytest (>=4.3.0)", "six", "zope.interface", "pytest-azurepipelines"]
dev = ["coverage", "hypothesis", "pympler", "pytest (>=4.3.0)", "six", "zope.interface", "sphinx", "pre-commit"]
docs = ["sphinx", "zope.interface"]
tests = ["coverage", "hypothesis", "pympler", "pytest (>=4.3.0)", "six", "zope.interface"]

[[package]]
category = "main"
description = "Python package for providing Mozilla's CA Bundle."
name = "certifi"
optional = false
python-versions = "*"
version = "2020.4.5.1"

[[package]]
category = "main"
description = "Universal encoding detector for Python 2 and 3"
name = "chardet"
optional = false
python-versions = "*"
version = "3.0.4"

[[package]]
category = "dev"
description = "Cross-platform colored terminal text."
marker = "sys_platform == \"win32\""
name = "colorama"
optional = false
python-versions = ">=2.7, !=3.0.*, !=3.1.*, !=3.2.*, !=3.3.*, !=3.4.*"
version = "0.4.3"

[[package]]
category = "main"
description = "Updated configparser from Python 3.8 for Python 2.6+."
name = "configparser"
optional = false
python-versions = ">=3.6"
version = "5.0.0"

[package.extras]
docs = ["sphinx", "jaraco.packaging (>=3.2)", "rst.linker (>=1.9)"]
testing = ["pytest (>=3.5,<3.7.3 || >3.7.3)", "pytest-checkdocs (>=1.2.3)", "pytest-flake8", "pytest-black-multipy", "pytest-cov"]

[[package]]
category = "main"
description = "A high-level Python Web framework that encourages rapid development and clean, pragmatic design."
name = "django"
optional = false
python-versions = ">=3.6"
version = "3.0.5"

[package.dependencies]
asgiref = ">=3.2,<4.0"
pytz = "*"
sqlparse = ">=0.2.2"

[package.extras]
argon2 = ["argon2-cffi (>=16.1.0)"]
bcrypt = ["bcrypt"]

[[package]]
category = "dev"
description = "Django-environ allows you to utilize 12factor inspired environment variables to configure your Django application."
name = "django-environ"
optional = false
python-versions = "*"
version = "0.4.5"

[[package]]
category = "main"
description = "Django-filter is a reusable Django application for allowing users to filter querysets dynamically."
name = "django-filter"
optional = false
python-versions = ">=3.4"
version = "2.2.0"

[package.dependencies]
Django = ">=1.11"

[[package]]
category = "main"
description = "Django file storage using the minio python client"
name = "django-minio-storage"
optional = false
python-versions = "*"
version = "0.3.7"

[package.dependencies]
django = ">=1.11"
minio = ">=4.0.21"

[package.extras]
test = ["coverage", "requests"]

[[package]]
category = "main"
description = "A drop-in replacement for django's ImageField that provides a flexible, intuitive and easily-extensible interface for creating new images from the one assigned to the field."
name = "django-versatileimagefield"
optional = false
python-versions = "*"
version = "2.0"

[package.dependencies]
Pillow = ">=2.4.0"
python-magic = ">=0.4.15,<1.0.0"

[[package]]
category = "main"
description = "Web APIs for Django, made easy."
name = "djangorestframework"
optional = false
python-versions = ">=3.5"
version = "3.11.0"

[package.dependencies]
django = ">=1.11"

[[package]]
category = "main"
description = "A minimal JSON Web Token authentication plugin for Django REST Framework"
name = "djangorestframework-simplejwt"
optional = false
python-versions = ">=3.6,<3.9"
version = "4.4.0"

[package.dependencies]
django = "*"
djangorestframework = "*"
pyjwt = "*"

[package.extras]
dev = ["bumpversion (>=0.5.3,<1)", "pytest-watch", "wheel", "twine", "ipython", "cryptography", "pytest-cov", "pytest-django", "pytest-xdist", "pytest", "tox", "flake8", "pep8", "isort", "Sphinx (>=1.6.5,<2)", "sphinx-rtd-theme (>=0.1.9)", "python-jose (3.0.0)"]
doc = ["Sphinx (>=1.6.5,<2)", "sphinx-rtd-theme (>=0.1.9)"]
lint = ["flake8", "pep8", "isort"]
python-jose = ["python-jose (3.0.0)"]
test = ["cryptography", "pytest-cov", "pytest-django", "pytest-xdist", "pytest", "tox"]

[[package]]
category = "dev"
description = "A versatile test fixtures replacement based on thoughtbot's factory_bot for Ruby."
name = "factory-boy"
optional = false
python-versions = ">=2.7, !=3.0.*, !=3.1.*, !=3.2.*, !=3.3.*"
version = "2.12.0"

[package.dependencies]
Faker = ">=0.7.0"

[[package]]
category = "dev"
description = "Faker is a Python package that generates fake data for you."
name = "faker"
optional = false
python-versions = ">=3.4"
version = "4.0.3"

[package.dependencies]
python-dateutil = ">=2.4"
text-unidecode = "1.3"

[[package]]
category = "main"
description = "URL manipulation made simple."
name = "furl"
optional = false
python-versions = "*"
version = "2.1.0"

[package.dependencies]
orderedmultidict = ">=1.0.1"
six = ">=1.8.0"

[[package]]
category = "main"
description = "Internationalized Domain Names in Applications (IDNA)"
name = "idna"
optional = false
python-versions = ">=2.7, !=3.0.*, !=3.1.*, !=3.2.*, !=3.3.*"
version = "2.9"

[[package]]
category = "dev"
description = "A port of Ruby on Rails inflector to Python"
name = "inflection"
optional = false
python-versions = ">=3.5"
version = "0.4.0"

[[package]]
category = "main"
description = "MinIO Python Library for Amazon S3 Compatible Cloud Storage for Python"
name = "minio"
optional = false
python-versions = "*"
version = "5.0.8"

[package.dependencies]
certifi = "*"
configparser = "*"
python-dateutil = "*"
pytz = "*"
urllib3 = "*"

[[package]]
category = "dev"
description = "More routines for operating on iterables, beyond itertools"
name = "more-itertools"
optional = false
python-versions = ">=3.5"
version = "8.2.0"

[[package]]
category = "main"
description = "Ordered Multivalue Dictionary"
name = "orderedmultidict"
optional = false
python-versions = "*"
version = "1.0.1"

[package.dependencies]
six = ">=1.8.0"

[[package]]
category = "dev"
description = "Core utilities for Python packages"
name = "packaging"
optional = false
python-versions = ">=2.7, !=3.0.*, !=3.1.*, !=3.2.*, !=3.3.*"
version = "20.3"

[package.dependencies]
pyparsing = ">=2.0.2"
six = "*"

[[package]]
category = "main"
description = "Python Imaging Library (Fork)"
name = "pillow"
optional = false
python-versions = ">=3.5"
version = "7.1.1"

[[package]]
category = "dev"
description = "plugin and hook calling mechanisms for python"
name = "pluggy"
optional = false
python-versions = ">=2.7, !=3.0.*, !=3.1.*, !=3.2.*, !=3.3.*"
version = "0.13.1"

[package.extras]
dev = ["pre-commit", "tox"]

[[package]]
category = "dev"
description = "library with cross-python path, ini-parsing, io, code, log facilities"
name = "py"
optional = false
python-versions = ">=2.7, !=3.0.*, !=3.1.*, !=3.2.*, !=3.3.*"
version = "1.8.1"

[[package]]
category = "main"
description = "JSON Web Token implementation in Python"
name = "pyjwt"
optional = false
python-versions = "*"
version = "1.7.1"

[package.extras]
crypto = ["cryptography (>=1.4)"]
flake8 = ["flake8", "flake8-import-order", "pep8-naming"]
test = ["pytest (>=4.0.1,<5.0.0)", "pytest-cov (>=2.6.0,<3.0.0)", "pytest-runner (>=4.2,<5.0.0)"]

[[package]]
category = "dev"
description = "Python parsing module"
name = "pyparsing"
optional = false
python-versions = ">=2.6, !=3.0.*, !=3.1.*, !=3.2.*"
version = "2.4.7"

[[package]]
category = "dev"
description = "pytest: simple powerful testing with Python"
name = "pytest"
optional = false
python-versions = ">=3.5"
version = "5.4.1"

[package.dependencies]
atomicwrites = ">=1.0"
attrs = ">=17.4.0"
colorama = "*"
more-itertools = ">=4.0.0"
packaging = "*"
pluggy = ">=0.12,<1.0"
py = ">=1.5.0"
wcwidth = "*"

[package.extras]
checkqa-mypy = ["mypy (v0.761)"]
testing = ["argcomplete", "hypothesis (>=3.56)", "mock", "nose", "requests", "xmlschema"]

[[package]]
category = "dev"
description = "A Django plugin for pytest."
name = "pytest-django"
optional = false
python-versions = ">=2.7, !=3.0.*, !=3.1.*, !=3.2.*, !=3.3.*"
version = "3.9.0"

[package.dependencies]
pytest = ">=3.6"

[package.extras]
docs = ["sphinx", "sphinx-rtd-theme"]
testing = ["django", "django-configurations (>=2.0)", "six"]

[[package]]
category = "dev"
description = "Factory Boy support for pytest."
name = "pytest-factoryboy"
optional = false
python-versions = "*"
version = "2.0.3"

[package.dependencies]
factory_boy = ">=2.10.0"
inflection = "*"
pytest = ">=3.3.2"

[[package]]
category = "dev"
description = "Pytest Plugin to disable socket calls during tests"
name = "pytest-socket"
optional = false
python-versions = ">=3.5,<4.0"
version = "0.3.4"

[package.dependencies]
pytest = ">=3.6.3"

[[package]]
category = "main"
description = "Extensions to the standard Python datetime module"
name = "python-dateutil"
optional = false
python-versions = "!=3.0.*,!=3.1.*,!=3.2.*,>=2.7"
version = "2.8.1"

[package.dependencies]
six = ">=1.5"

[[package]]
category = "main"
description = "File type identification using libmagic"
name = "python-magic"
optional = false
python-versions = "*"
version = "0.4.15"

[[package]]
category = "main"
description = "World timezone definitions, modern and historical"
name = "pytz"
optional = false
python-versions = "*"
version = "2019.3"

[[package]]
category = "main"
description = "Python HTTP for Humans."
name = "requests"
optional = false
python-versions = ">=2.7, !=3.0.*, !=3.1.*, !=3.2.*, !=3.3.*, !=3.4.*"
version = "2.23.0"

[package.dependencies]
certifi = ">=2017.4.17"
chardet = ">=3.0.2,<4"
idna = ">=2.5,<3"
urllib3 = ">=1.21.1,<1.25.0 || >1.25.0,<1.25.1 || >1.25.1,<1.26"

[package.extras]
security = ["pyOpenSSL (>=0.14)", "cryptography (>=1.3.4)"]
socks = ["PySocks (>=1.5.6,<1.5.7 || >1.5.7)", "win-inet-pton"]

[[package]]
category = "main"
description = "Python 2 and 3 compatibility utilities"
name = "six"
optional = false
python-versions = ">=2.7, !=3.0.*, !=3.1.*, !=3.2.*"
version = "1.14.0"

[[package]]
category = "main"
description = "Non-validating SQL parser"
name = "sqlparse"
optional = false
python-versions = ">=2.7, !=3.0.*, !=3.1.*, !=3.2.*, !=3.3.*"
version = "0.3.1"

[[package]]
category = "dev"
description = "The most basic Text::Unidecode port"
name = "text-unidecode"
optional = false
python-versions = "*"
version = "1.3"

[[package]]
category = "main"
description = "HTTP library with thread-safe connection pooling, file post, and more."
name = "urllib3"
optional = false
python-versions = ">=2.7, !=3.0.*, !=3.1.*, !=3.2.*, !=3.3.*, !=3.4.*, <4"
version = "1.25.8"

[package.extras]
brotli = ["brotlipy (>=0.6.0)"]
secure = ["pyOpenSSL (>=0.14)", "cryptography (>=1.3.4)", "idna (>=2.0.0)", "certifi", "ipaddress"]
socks = ["PySocks (>=1.5.6,<1.5.7 || >1.5.7,<2.0)"]

[[package]]
category = "dev"
description = "Measures number of Terminal column cells of wide-character codes"
name = "wcwidth"
optional = false
python-versions = "*"
version = "0.1.9"

[metadata]
content-hash = "613fa6cab4c075268ea104153059c79ab1c1e54b632cd4ff164744df3e47bfd6"
python-versions = "3.8.1"

[metadata.files]
asgiref = [
    {file = "asgiref-3.2.7-py2.py3-none-any.whl", hash = "sha256:9ca8b952a0a9afa61d30aa6d3d9b570bb3fd6bafcf7ec9e6bed43b936133db1c"},
    {file = "asgiref-3.2.7.tar.gz", hash = "sha256:8036f90603c54e93521e5777b2b9a39ba1bad05773fcf2d208f0299d1df58ce5"},
]
atomicwrites = [
    {file = "atomicwrites-1.3.0-py2.py3-none-any.whl", hash = "sha256:03472c30eb2c5d1ba9227e4c2ca66ab8287fbfbbda3888aa93dc2e28fc6811b4"},
    {file = "atomicwrites-1.3.0.tar.gz", hash = "sha256:75a9445bac02d8d058d5e1fe689654ba5a6556a1dfd8ce6ec55a0ed79866cfa6"},
]
attrs = [
    {file = "attrs-19.3.0-py2.py3-none-any.whl", hash = "sha256:08a96c641c3a74e44eb59afb61a24f2cb9f4d7188748e76ba4bb5edfa3cb7d1c"},
    {file = "attrs-19.3.0.tar.gz", hash = "sha256:f7b7ce16570fe9965acd6d30101a28f62fb4a7f9e926b3bbc9b61f8b04247e72"},
]
certifi = [
    {file = "certifi-2020.4.5.1-py2.py3-none-any.whl", hash = "sha256:1d987a998c75633c40847cc966fcf5904906c920a7f17ef374f5aa4282abd304"},
    {file = "certifi-2020.4.5.1.tar.gz", hash = "sha256:51fcb31174be6e6664c5f69e3e1691a2d72a1a12e90f872cbdb1567eb47b6519"},
]
chardet = [
    {file = "chardet-3.0.4-py2.py3-none-any.whl", hash = "sha256:fc323ffcaeaed0e0a02bf4d117757b98aed530d9ed4531e3e15460124c106691"},
    {file = "chardet-3.0.4.tar.gz", hash = "sha256:84ab92ed1c4d4f16916e05906b6b75a6c0fb5db821cc65e70cbd64a3e2a5eaae"},
]
colorama = [
    {file = "colorama-0.4.3-py2.py3-none-any.whl", hash = "sha256:7d73d2a99753107a36ac6b455ee49046802e59d9d076ef8e47b61499fa29afff"},
    {file = "colorama-0.4.3.tar.gz", hash = "sha256:e96da0d330793e2cb9485e9ddfd918d456036c7149416295932478192f4436a1"},
]
configparser = [
    {file = "configparser-5.0.0-py3-none-any.whl", hash = "sha256:cffc044844040c7ce04e9acd1838b5f2e5fa3170182f6fda4d2ea8b0099dbadd"},
    {file = "configparser-5.0.0.tar.gz", hash = "sha256:2ca44140ee259b5e3d8aaf47c79c36a7ab0d5e94d70bd4105c03ede7a20ea5a1"},
]
django = [
    {file = "Django-3.0.5-py3-none-any.whl", hash = "sha256:642d8eceab321ca743ae71e0f985ff8fdca59f07aab3a9fb362c617d23e33a76"},
    {file = "Django-3.0.5.tar.gz", hash = "sha256:d4666c2edefa38c5ede0ec1655424c56dc47ceb04b6d8d62a7eac09db89545c1"},
]
django-environ = [
    {file = "django-environ-0.4.5.tar.gz", hash = "sha256:6c9d87660142608f63ec7d5ce5564c49b603ea8ff25da595fd6098f6dc82afde"},
    {file = "django_environ-0.4.5-py2.py3-none-any.whl", hash = "sha256:c57b3c11ec1f319d9474e3e5a79134f40174b17c7cc024bbb2fad84646b120c4"},
]
django-filter = [
    {file = "django-filter-2.2.0.tar.gz", hash = "sha256:c3deb57f0dd7ff94d7dce52a047516822013e2b441bed472b722a317658cfd14"},
    {file = "django_filter-2.2.0-py3-none-any.whl", hash = "sha256:558c727bce3ffa89c4a7a0b13bc8976745d63e5fd576b3a9a851650ef11c401b"},
]
django-minio-storage = [
    {file = "django-minio-storage-0.3.7.tar.gz", hash = "sha256:741685f7489699c8a443b32761d254b5f541e13bbdfd61a5ba94d6b14ed68cff"},
    {file = "django_minio_storage-0.3.7-py3.7.egg", hash = "sha256:85778e7522efba4c130f866287807c5140eef1384e9fc0e02ca92033cc27d6b5"},
]
django-versatileimagefield = [
    {file = "django-versatileimagefield-2.0.tar.gz", hash = "sha256:b197e7066f23bb73b001a61525f2b1cae3dd654bf208a944a7ff5a3fe6107b51"},
    {file = "django_versatileimagefield-2.0-py2.py3-none-any.whl", hash = "sha256:090f89fd72379dd072d4e76dd708245cddc4ff601de27ea5a7d26f005019ef4c"},
]
djangorestframework = [
    {file = "djangorestframework-3.11.0-py3-none-any.whl", hash = "sha256:05809fc66e1c997fd9a32ea5730d9f4ba28b109b9da71fccfa5ff241201fd0a4"},
    {file = "djangorestframework-3.11.0.tar.gz", hash = "sha256:e782087823c47a26826ee5b6fa0c542968219263fb3976ec3c31edab23a4001f"},
]
djangorestframework-simplejwt = [
    {file = "djangorestframework_simplejwt-4.4.0-py3-none-any.whl", hash = "sha256:288ee78618d906f26abf6282b639b8f1806ce1d9a7578897a125cf79c609f259"},
    {file = "djangorestframework_simplejwt-4.4.0.tar.gz", hash = "sha256:c315be70aa12a5f5790c0ab9acd426c3a58eebea65a77d0893248c5144a5080c"},
]
factory-boy = [
    {file = "factory_boy-2.12.0-py2.py3-none-any.whl", hash = "sha256:728df59b372c9588b83153facf26d3d28947fc750e8e3c95cefa9bed0e6394ee"},
    {file = "factory_boy-2.12.0.tar.gz", hash = "sha256:faf48d608a1735f0d0a3c9cbf536d64f9132b547dae7ba452c4d99a79e84a370"},
]
faker = [
    {file = "Faker-4.0.3-py3-none-any.whl", hash = "sha256:53bf2c8a2de8af271466e7b9cc2f08ecf83c4c947981680eb61080779a0adace"},
    {file = "Faker-4.0.3.tar.gz", hash = "sha256:7292806948ed848f1bcea1e7b963bae6f398687d1da0ea096e156fea2787f454"},
]
furl = [
    {file = "furl-2.1.0-py2.py3-none-any.whl", hash = "sha256:f4d6f1e5479c376a5b7bdc62795d736d8c1b2a754f366a2ad2816e46e946e22e"},
    {file = "furl-2.1.0.tar.gz", hash = "sha256:c0e0231a1feee2acd256574b7033df3144775451c610cb587060d6a0d7e0b621"},
]
idna = [
    {file = "idna-2.9-py2.py3-none-any.whl", hash = "sha256:a068a21ceac8a4d63dbfd964670474107f541babbd2250d61922f029858365fa"},
    {file = "idna-2.9.tar.gz", hash = "sha256:7588d1c14ae4c77d74036e8c22ff447b26d0fde8f007354fd48a7814db15b7cb"},
]
inflection = [
    {file = "inflection-0.4.0-py2.py3-none-any.whl", hash = "sha256:9a15d3598f01220e93f2207c432cfede50daff53137ce660fb8be838ef1ca6cc"},
    {file = "inflection-0.4.0.tar.gz", hash = "sha256:32a5c3341d9583ec319548b9015b7fbdf8c429cbcb575d326c33ae3a0e90d52c"},
]
minio = [
    {file = "minio-5.0.8-py2.py3-none-any.whl", hash = "sha256:fa813ec02a20adbde5a8fda0641d335dd0147f610fb18da73e6945dd78305c4c"},
    {file = "minio-5.0.8-py3.6.egg", hash = "sha256:1fdf5577adc3baaa746340d673dba452b2b76c7da41896bc7f047659d0afe28a"},
    {file = "minio-5.0.8.tar.gz", hash = "sha256:daed642e6b3c19b6ca9ba42b35e81c93e653c7db5b595342028204ce5a8d2b2e"},
]
more-itertools = [
    {file = "more-itertools-8.2.0.tar.gz", hash = "sha256:b1ddb932186d8a6ac451e1d95844b382f55e12686d51ca0c68b6f61f2ab7a507"},
    {file = "more_itertools-8.2.0-py3-none-any.whl", hash = "sha256:5dd8bcf33e5f9513ffa06d5ad33d78f31e1931ac9a18f33d37e77a180d393a7c"},
]
orderedmultidict = [
    {file = "orderedmultidict-1.0.1-py2.py3-none-any.whl", hash = "sha256:43c839a17ee3cdd62234c47deca1a8508a3f2ca1d0678a3bf791c87cf84adbf3"},
    {file = "orderedmultidict-1.0.1.tar.gz", hash = "sha256:04070bbb5e87291cc9bfa51df413677faf2141c73c61d2a5f7b26bea3cd882ad"},
]
packaging = [
    {file = "packaging-20.3-py2.py3-none-any.whl", hash = "sha256:82f77b9bee21c1bafbf35a84905d604d5d1223801d639cf3ed140bd651c08752"},
    {file = "packaging-20.3.tar.gz", hash = "sha256:3c292b474fda1671ec57d46d739d072bfd495a4f51ad01a055121d81e952b7a3"},
]
pillow = [
    {file = "Pillow-7.1.1-cp35-cp35m-macosx_10_10_intel.whl", hash = "sha256:b7453750cf911785009423789d2e4e5393aae9cbb8b3f471dab854b85a26cb89"},
    {file = "Pillow-7.1.1-cp35-cp35m-manylinux1_i686.whl", hash = "sha256:4510c6b33277970b1af83c987277f9a08ec2b02cc20ac0f9234e4026136bb137"},
    {file = "Pillow-7.1.1-cp35-cp35m-manylinux1_x86_64.whl", hash = "sha256:b99b2607b6cd58396f363b448cbe71d3c35e28f03e442ab00806463439629c2c"},
    {file = "Pillow-7.1.1-cp35-cp35m-win32.whl", hash = "sha256:cd47793f7bc9285a88c2b5551d3f16a2ddd005789614a34c5f4a598c2a162383"},
    {file = "Pillow-7.1.1-cp35-cp35m-win_amd64.whl", hash = "sha256:04a10558320eba9137d6a78ca6fc8f4a5801f1b971152938851dc4629d903579"},
    {file = "Pillow-7.1.1-cp36-cp36m-macosx_10_10_x86_64.whl", hash = "sha256:50a10b048f4dd81c092adad99fa5f7ba941edaf2f9590510109ac2a15e706695"},
    {file = "Pillow-7.1.1-cp36-cp36m-manylinux1_i686.whl", hash = "sha256:721c04d3c77c38086f1f95d1cd8df87f2f9a505a780acf8575912b3206479da1"},
    {file = "Pillow-7.1.1-cp36-cp36m-manylinux1_x86_64.whl", hash = "sha256:a5dc9f28c0239ec2742d4273bd85b2aa84655be2564db7ad1eb8f64b1efcdc4c"},
    {file = "Pillow-7.1.1-cp36-cp36m-win32.whl", hash = "sha256:d6bf085f6f9ec6a1724c187083b37b58a8048f86036d42d21802ed5d1fae4853"},
    {file = "Pillow-7.1.1-cp36-cp36m-win_amd64.whl", hash = "sha256:251e5618125ec12ac800265d7048f5857a8f8f1979db9ea3e11382e159d17f68"},
    {file = "Pillow-7.1.1-cp37-cp37m-macosx_10_10_x86_64.whl", hash = "sha256:433bbc2469a2351bea53666d97bb1eb30f0d56461735be02ea6b27654569f80f"},
    {file = "Pillow-7.1.1-cp37-cp37m-manylinux1_i686.whl", hash = "sha256:eb84e7e5b07ff3725ab05977ac56d5eeb0c510795aeb48e8b691491be3c5745b"},
    {file = "Pillow-7.1.1-cp37-cp37m-manylinux1_x86_64.whl", hash = "sha256:3713386d1e9e79cea1c5e6aaac042841d7eef838cc577a3ca153c8bedf570287"},
    {file = "Pillow-7.1.1-cp37-cp37m-win32.whl", hash = "sha256:291bad7097b06d648222b769bbfcd61e40d0abdfe10df686d20ede36eb8162b6"},
    {file = "Pillow-7.1.1-cp37-cp37m-win_amd64.whl", hash = "sha256:6c1924ed7dbc6ad0636907693bbbdd3fdae1d73072963e71f5644b864bb10b4d"},
    {file = "Pillow-7.1.1-cp38-cp38-macosx_10_10_x86_64.whl", hash = "sha256:670e58d3643971f4afd79191abd21623761c2ebe61db1c2cb4797d817c4ba1a7"},
    {file = "Pillow-7.1.1-cp38-cp38-manylinux1_i686.whl", hash = "sha256:8d5799243050c2833c2662b824dfb16aa98e408d2092805edea4300a408490e7"},
    {file = "Pillow-7.1.1-cp38-cp38-manylinux1_x86_64.whl", hash = "sha256:da737ab273f4d60ae552f82ad83f7cbd0e173ca30ca20b160f708c92742ee212"},
    {file = "Pillow-7.1.1-cp38-cp38-win32.whl", hash = "sha256:b2f3e8cc52ecd259b94ca880fea0d15f4ebc6da2cd3db515389bb878d800270f"},
    {file = "Pillow-7.1.1-cp38-cp38-win_amd64.whl", hash = "sha256:2f0b52a08d175f10c8ea36685115681a484c55d24d0933f9fd911e4111c04144"},
    {file = "Pillow-7.1.1-pp373-pypy36_pp73-win32.whl", hash = "sha256:90cd441a1638ae176eab4d8b6b94ab4ec24b212ed4c3fbee2a6e74672481d4f8"},
    {file = "Pillow-7.1.1-py3.8-macosx-10.9-x86_64.egg", hash = "sha256:5eef904c82b5f8e4256e8d420c971357da2884c0b812ba4efa15a7ad2ec66247"},
    {file = "Pillow-7.1.1.tar.gz", hash = "sha256:0f89ddc77cf421b8cd34ae852309501458942bf370831b4a9b406156b599a14e"},
]
pluggy = [
    {file = "pluggy-0.13.1-py2.py3-none-any.whl", hash = "sha256:966c145cd83c96502c3c3868f50408687b38434af77734af1e9ca461a4081d2d"},
    {file = "pluggy-0.13.1.tar.gz", hash = "sha256:15b2acde666561e1298d71b523007ed7364de07029219b604cf808bfa1c765b0"},
]
py = [
    {file = "py-1.8.1-py2.py3-none-any.whl", hash = "sha256:c20fdd83a5dbc0af9efd622bee9a5564e278f6380fffcacc43ba6f43db2813b0"},
    {file = "py-1.8.1.tar.gz", hash = "sha256:5e27081401262157467ad6e7f851b7aa402c5852dbcb3dae06768434de5752aa"},
]
pyjwt = [
    {file = "PyJWT-1.7.1-py2.py3-none-any.whl", hash = "sha256:5c6eca3c2940464d106b99ba83b00c6add741c9becaec087fb7ccdefea71350e"},
    {file = "PyJWT-1.7.1.tar.gz", hash = "sha256:8d59a976fb773f3e6a39c85636357c4f0e242707394cadadd9814f5cbaa20e96"},
]
pyparsing = [
    {file = "pyparsing-2.4.7-py2.py3-none-any.whl", hash = "sha256:ef9d7589ef3c200abe66653d3f1ab1033c3c419ae9b9bdb1240a85b024efc88b"},
    {file = "pyparsing-2.4.7.tar.gz", hash = "sha256:c203ec8783bf771a155b207279b9bccb8dea02d8f0c9e5f8ead507bc3246ecc1"},
]
pytest = [
    {file = "pytest-5.4.1-py3-none-any.whl", hash = "sha256:0e5b30f5cb04e887b91b1ee519fa3d89049595f428c1db76e73bd7f17b09b172"},
    {file = "pytest-5.4.1.tar.gz", hash = "sha256:84dde37075b8805f3d1f392cc47e38a0e59518fb46a431cfdaf7cf1ce805f970"},
]
pytest-django = [
    {file = "pytest-django-3.9.0.tar.gz", hash = "sha256:664e5f42242e5e182519388f01b9f25d824a9feb7cd17d8f863c8d776f38baf9"},
    {file = "pytest_django-3.9.0-py2.py3-none-any.whl", hash = "sha256:64f99d565dd9497af412fcab2989fe40982c1282d4118ff422b407f3f7275ca5"},
]
pytest-factoryboy = [
    {file = "pytest-factoryboy-2.0.3.tar.gz", hash = "sha256:ffef3fb7ddec1299d3df0d334846259023f3d1da5ab887ad880139a8253a5a1a"},
]
pytest-socket = [
    {file = "pytest-socket-0.3.4.tar.gz", hash = "sha256:6480d6962b1f908f4b7c267ed4cfbc8fe27555562dec31cf9f8988fc1bf11f64"},
    {file = "pytest_socket-0.3.4-py3-none-any.whl", hash = "sha256:e66de7ad7582cf23cce39f276156782c39505d20a21a705c0208b5305643a38a"},
]
python-dateutil = [
    {file = "python-dateutil-2.8.1.tar.gz", hash = "sha256:73ebfe9dbf22e832286dafa60473e4cd239f8592f699aa5adaf10050e6e1823c"},
    {file = "python_dateutil-2.8.1-py2.py3-none-any.whl", hash = "sha256:75bb3f31ea686f1197762692a9ee6a7550b59fc6ca3a1f4b5d7e32fb98e2da2a"},
]
python-magic = [
    {file = "python-magic-0.4.15.tar.gz", hash = "sha256:f3765c0f582d2dfc72c15f3b5a82aecfae9498bd29ca840d72f37d7bd38bfcd5"},
    {file = "python_magic-0.4.15-py2.py3-none-any.whl", hash = "sha256:f2674dcfad52ae6c49d4803fa027809540b130db1dec928cfbb9240316831375"},
]
pytz = [
    {file = "pytz-2019.3-py2.py3-none-any.whl", hash = "sha256:1c557d7d0e871de1f5ccd5833f60fb2550652da6be2693c1e02300743d21500d"},
    {file = "pytz-2019.3.tar.gz", hash = "sha256:b02c06db6cf09c12dd25137e563b31700d3b80fcc4ad23abb7a315f2789819be"},
]
requests = [
    {file = "requests-2.23.0-py2.py3-none-any.whl", hash = "sha256:43999036bfa82904b6af1d99e4882b560e5e2c68e5c4b0aa03b655f3d7d73fee"},
    {file = "requests-2.23.0.tar.gz", hash = "sha256:b3f43d496c6daba4493e7c431722aeb7dbc6288f52a6e04e7b6023b0247817e6"},
]
six = [
    {file = "six-1.14.0-py2.py3-none-any.whl", hash = "sha256:8f3cd2e254d8f793e7f3d6d9df77b92252b52637291d0f0da013c76ea2724b6c"},
    {file = "six-1.14.0.tar.gz", hash = "sha256:236bdbdce46e6e6a3d61a337c0f8b763ca1e8717c03b369e87a7ec7ce1319c0a"},
]
sqlparse = [
    {file = "sqlparse-0.3.1-py2.py3-none-any.whl", hash = "sha256:022fb9c87b524d1f7862b3037e541f68597a730a8843245c349fc93e1643dc4e"},
    {file = "sqlparse-0.3.1.tar.gz", hash = "sha256:e162203737712307dfe78860cc56c8da8a852ab2ee33750e33aeadf38d12c548"},
]
text-unidecode = [
    {file = "text-unidecode-1.3.tar.gz", hash = "sha256:bad6603bb14d279193107714b288be206cac565dfa49aa5b105294dd5c4aab93"},
    {file = "text_unidecode-1.3-py2.py3-none-any.whl", hash = "sha256:1311f10e8b895935241623731c2ba64f4c455287888b18189350b67134a822e8"},
]
urllib3 = [
    {file = "urllib3-1.25.8-py2.py3-none-any.whl", hash = "sha256:2f3db8b19923a873b3e5256dc9c2dedfa883e33d87c690d9c7913e1f40673cdc"},
    {file = "urllib3-1.25.8.tar.gz", hash = "sha256:87716c2d2a7121198ebcb7ce7cccf6ce5e9ba539041cfbaeecfb641dc0bf6acc"},
]
wcwidth = [
    {file = "wcwidth-0.1.9-py2.py3-none-any.whl", hash = "sha256:cafe2186b3c009a04067022ce1dcd79cb38d8d65ee4f4791b8888d6599d1bbe1"},
    {file = "wcwidth-0.1.9.tar.gz", hash = "sha256:ee73862862a156bf77ff92b09034fc4825dd3af9cf81bc5b360668d425f3c5f1"},
]
